{
  "name": "phood",
  "version": "0.0.1",
  "lockfileVersion": 1,
  "requires": true,
  "dependencies": {
    "body-parser": {
      "version": "1.12.3",
      "resolved": "https://registry.npmjs.org/body-parser/-/body-parser-1.12.3.tgz",
      "integrity": "sha1-X0C/F+eCO+aJXU01WCdS42z5f3E=",
      "requires": {
        "bytes": "1.0.0",
        "content-type": "1.0.1",
        "debug": "2.1.3",
        "depd": "1.0.1",
        "iconv-lite": "0.4.8",
        "on-finished": "2.2.1",
        "qs": "2.4.1",
        "raw-body": "1.3.4",
        "type-is": "1.6.1"
      },
      "dependencies": {
        "bytes": {
          "version": "1.0.0",
          "resolved": "https://registry.npmjs.org/bytes/-/bytes-1.0.0.tgz",
          "integrity": "sha1-NWnt6Lo0MV+rmcPpLLBMciDeH6g="
        },
        "content-type": {
          "version": "1.0.1",
          "resolved": "https://registry.npmjs.org/content-type/-/content-type-1.0.1.tgz",
          "integrity": "sha1-oZ0iRzJ9wDgFDOYit6FU7FnF5gA="
        },
        "debug": {
          "version": "2.1.3",
          "resolved": "https://registry.npmjs.org/debug/-/debug-2.1.3.tgz",
          "integrity": "sha1-zoqxte6PvuK/o7Yzyrk9NmtjQY4=",
          "requires": {
            "ms": "0.7.0"
          },
          "dependencies": {
            "ms": {
              "version": "0.7.0",
              "resolved": "https://registry.npmjs.org/ms/-/ms-0.7.0.tgz",
              "integrity": "sha1-hlvpTC5zl62KV9pqYzpuLzB5i4M="
            }
          }
        },
        "depd": {
          "version": "1.0.1",
          "resolved": "https://registry.npmjs.org/depd/-/depd-1.0.1.tgz",
          "integrity": "sha1-gK7GTJ1tl+ZcwqnKqTwKpqv3Oqo="
        },
        "iconv-lite": {
          "version": "0.4.8",
          "resolved": "https://registry.npmjs.org/iconv-lite/-/iconv-lite-0.4.8.tgz",
          "integrity": "sha1-xgGadZXyzvynAuq2lKAQvNkpjSA="
        },
        "on-finished": {
          "version": "2.2.1",
          "resolved": "https://registry.npmjs.org/on-finished/-/on-finished-2.2.1.tgz",
          "integrity": "sha1-XIXBzDYpn3gCllP2Z/J7a5nrwCk=",
          "requires": {
            "ee-first": "1.1.0"
          },
          "dependencies": {
            "ee-first": {
              "version": "1.1.0",
              "resolved": "https://registry.npmjs.org/ee-first/-/ee-first-1.1.0.tgz",
              "integrity": "sha1-ag18YiHkkP7v2S7D9EHJzozQl/Q="
            }
          }
        },
        "qs": {
          "version": "2.4.1",
          "resolved": "https://registry.npmjs.org/qs/-/qs-2.4.1.tgz",
          "integrity": "sha1-aMuuqXEBNCaoDBQE+taxprEXUkU="
        },
        "raw-body": {
          "version": "1.3.4",
          "resolved": "https://registry.npmjs.org/raw-body/-/raw-body-1.3.4.tgz",
          "integrity": "sha1-zMfd/Ea3KGHN1btDPIQLcLbyf1Q=",
          "requires": {
            "bytes": "1.0.0",
            "iconv-lite": "0.4.8"
          }
        },
        "type-is": {
          "version": "1.6.1",
          "resolved": "https://registry.npmjs.org/type-is/-/type-is-1.6.1.tgz",
          "integrity": "sha1-Sa3eyw9oMcvB00upKfDzpPIbDy4=",
          "requires": {
            "media-typer": "0.3.0",
            "mime-types": "2.0.10"
          },
          "dependencies": {
            "media-typer": {
              "version": "0.3.0",
              "resolved": "https://registry.npmjs.org/media-typer/-/media-typer-0.3.0.tgz",
              "integrity": "sha1-hxDXrwqmJvj/+hzgAWhUUmMlV0g="
            },
            "mime-types": {
              "version": "2.0.10",
              "resolved": "https://registry.npmjs.org/mime-types/-/mime-types-2.0.10.tgz",
              "integrity": "sha1-6s2Bu3PKsqd0R1SaB41PIBjGe00=",
              "requires": {
                "mime-db": "1.8.0"
              },
              "dependencies": {
                "mime-db": {
                  "version": "1.8.0",
                  "resolved": "https://registry.npmjs.org/mime-db/-/mime-db-1.8.0.tgz",
                  "integrity": "sha1-gqmzhfIrD1lU3sTURfq6ByLErSU="
                }
              }
            }
          }
        }
      }
    },
    "ejs": {
      "version": "1.0.0",
      "resolved": "https://registry.npmjs.org/ejs/-/ejs-1.0.0.tgz",
      "integrity": "sha1-ycYKSKRu5FL7MqccMXuV5aofyz0="
    },
    "express": {
      "version": "4.12.3",
      "resolved": "https://registry.npmjs.org/express/-/express-4.12.3.tgz",
      "integrity": "sha1-a52UrsWuAycNhtOQwneoxaWtDuI=",
      "requires": {
        "accepts": "1.2.5",
        "content-disposition": "0.5.0",
        "content-type": "1.0.1",
        "cookie": "0.1.2",
        "cookie-signature": "1.0.6",
        "debug": "2.1.3",
        "depd": "1.0.1",
        "escape-html": "1.0.1",
        "etag": "1.5.1",
        "finalhandler": "0.3.4",
        "fresh": "0.2.4",
        "merge-descriptors": "1.0.0",
        "methods": "1.1.1",
        "on-finished": "2.2.1",
        "parseurl": "1.3.0",
        "path-to-regexp": "0.1.3",
        "proxy-addr": "1.0.7",
        "qs": "2.4.1",
        "range-parser": "1.0.2",
        "send": "0.12.2",
        "serve-static": "1.9.2",
        "type-is": "1.6.1",
        "utils-merge": "1.0.0",
        "vary": "1.0.0"
      },
      "dependencies": {
        "accepts": {
          "version": "1.2.5",
          "resolved": "https://registry.npmjs.org/accepts/-/accepts-1.2.5.tgz",
          "integrity": "sha1-uwfcUsFBrlYmEag2/0M7zsiHHOk=",
          "requires": {
            "mime-types": "2.0.10",
            "negotiator": "0.5.1"
          },
          "dependencies": {
            "mime-types": {
              "version": "2.0.10",
              "resolved": "https://registry.npmjs.org/mime-types/-/mime-types-2.0.10.tgz",
              "integrity": "sha1-6s2Bu3PKsqd0R1SaB41PIBjGe00=",
              "requires": {
                "mime-db": "1.8.0"
              },
              "dependencies": {
                "mime-db": {
                  "version": "1.8.0",
                  "resolved": "https://registry.npmjs.org/mime-db/-/mime-db-1.8.0.tgz",
                  "integrity": "sha1-gqmzhfIrD1lU3sTURfq6ByLErSU="
                }
              }
            },
            "negotiator": {
              "version": "0.5.1",
              "resolved": "https://registry.npmjs.org/negotiator/-/negotiator-0.5.1.tgz",
              "integrity": "sha1-SY9mHFIkcBU8YIasgwGcs+tm9hw="
            }
          }
        },
        "content-disposition": {
          "version": "0.5.0",
          "resolved": "https://registry.npmjs.org/content-disposition/-/content-disposition-0.5.0.tgz",
          "integrity": "sha1-QoT+auBjCHRjnkToCkGMKTQTXp4="
        },
        "content-type": {
          "version": "1.0.1",
          "resolved": "https://registry.npmjs.org/content-type/-/content-type-1.0.1.tgz",
          "integrity": "sha1-oZ0iRzJ9wDgFDOYit6FU7FnF5gA="
        },
        "cookie": {
          "version": "0.1.2",
          "resolved": "https://registry.npmjs.org/cookie/-/cookie-0.1.2.tgz",
          "integrity": "sha1-cv7D0k5Io0Mgc9kMEmQgBQYQBLE="
        },
        "cookie-signature": {
          "version": "1.0.6",
          "resolved": "https://registry.npmjs.org/cookie-signature/-/cookie-signature-1.0.6.tgz",
          "integrity": "sha1-4wOogrNCzD7oylE6eZmXNNqzriw="
        },
        "debug": {
          "version": "2.1.3",
          "resolved": "https://registry.npmjs.org/debug/-/debug-2.1.3.tgz",
          "integrity": "sha1-zoqxte6PvuK/o7Yzyrk9NmtjQY4=",
          "requires": {
            "ms": "0.7.0"
          },
          "dependencies": {
            "ms": {
              "version": "0.7.0",
              "resolved": "https://registry.npmjs.org/ms/-/ms-0.7.0.tgz",
              "integrity": "sha1-hlvpTC5zl62KV9pqYzpuLzB5i4M="
            }
          }
        },
        "depd": {
          "version": "1.0.1",
          "resolved": "https://registry.npmjs.org/depd/-/depd-1.0.1.tgz",
          "integrity": "sha1-gK7GTJ1tl+ZcwqnKqTwKpqv3Oqo="
        },
        "escape-html": {
          "version": "1.0.1",
          "resolved": "https://registry.npmjs.org/escape-html/-/escape-html-1.0.1.tgz",
          "integrity": "sha1-GBoobq05ejmpKFfPsdQwUuNWv/A="
        },
        "etag": {
          "version": "1.5.1",
          "resolved": "https://registry.npmjs.org/etag/-/etag-1.5.1.tgz",
          "integrity": "sha1-VMUN4E7kJpVWKSWsVmWIKRvn6eo=",
          "requires": {
            "crc": "3.2.1"
          },
          "dependencies": {
            "crc": {
              "version": "3.2.1",
              "resolved": "https://registry.npmjs.org/crc/-/crc-3.2.1.tgz",
              "integrity": "sha1-XZyPt3okXNXsopHl0tAFM0urAII="
            }
          }
        },
        "finalhandler": {
          "version": "0.3.4",
          "resolved": "https://registry.npmjs.org/finalhandler/-/finalhandler-0.3.4.tgz",
          "integrity": "sha1-R4fTVz0HmuiwdTbyawuRHrryoqw=",
          "requires": {
            "debug": "2.1.3",
            "escape-html": "1.0.1",
            "on-finished": "2.2.1"
          }
        },
        "fresh": {
          "version": "0.2.4",
          "resolved": "https://registry.npmjs.org/fresh/-/fresh-0.2.4.tgz",
          "integrity": "sha1-NYJJkgbJcjcUGQ7ddLRgT+tKYUw="
        },
        "merge-descriptors": {
          "version": "1.0.0",
          "resolved": "https://registry.npmjs.org/merge-descriptors/-/merge-descriptors-1.0.0.tgz",
          "integrity": "sha1-IWnPdTjhsMyH+4jhUC2EdLv3mGQ="
        },
        "methods": {
          "version": "1.1.1",
          "resolved": "https://registry.npmjs.org/methods/-/methods-1.1.1.tgz",
          "integrity": "sha1-F+pjZgZtAMWON1uOx9/QRTyJgio="
        },
        "on-finished": {
          "version": "2.2.1",
          "resolved": "https://registry.npmjs.org/on-finished/-/on-finished-2.2.1.tgz",
          "integrity": "sha1-XIXBzDYpn3gCllP2Z/J7a5nrwCk=",
          "requires": {
            "ee-first": "1.1.0"
          },
          "dependencies": {
            "ee-first": {
              "version": "1.1.0",
              "resolved": "https://registry.npmjs.org/ee-first/-/ee-first-1.1.0.tgz",
              "integrity": "sha1-ag18YiHkkP7v2S7D9EHJzozQl/Q="
            }
          }
        },
        "parseurl": {
          "version": "1.3.0",
          "resolved": "https://registry.npmjs.org/parseurl/-/parseurl-1.3.0.tgz",
          "integrity": "sha1-tYBG20Ij4UWvp2AJ5hush8wigbM="
        },
        "path-to-regexp": {
          "version": "0.1.3",
          "resolved": "https://registry.npmjs.org/path-to-regexp/-/path-to-regexp-0.1.3.tgz",
          "integrity": "sha1-IbmrgidCed4lsVbqCP0SylG4rss="
        },
        "proxy-addr": {
          "version": "1.0.7",
          "resolved": "https://registry.npmjs.org/proxy-addr/-/proxy-addr-1.0.7.tgz",
          "integrity": "sha1-biZVqpxWsBTwlzSn5tVYzHd1GTk=",
          "requires": {
            "forwarded": "0.1.0",
            "ipaddr.js": "0.1.9"
          },
          "dependencies": {
            "forwarded": {
              "version": "0.1.0",
              "resolved": "https://registry.npmjs.org/forwarded/-/forwarded-0.1.0.tgz",
              "integrity": "sha1-Ge+YdMSuHCl7zweP3mOgm2aoQ2M="
            },
            "ipaddr.js": {
              "version": "0.1.9",
              "resolved": "https://registry.npmjs.org/ipaddr.js/-/ipaddr.js-0.1.9.tgz",
              "integrity": "sha1-qceMzBLckBDylqua7y9h9DLWnvo="
            }
          }
        },
        "qs": {
          "version": "2.4.1",
          "resolved": "https://registry.npmjs.org/qs/-/qs-2.4.1.tgz",
          "integrity": "sha1-aMuuqXEBNCaoDBQE+taxprEXUkU="
        },
        "range-parser": {
          "version": "1.0.2",
          "resolved": "https://registry.npmjs.org/range-parser/-/range-parser-1.0.2.tgz",
          "integrity": "sha1-BqEqQuUTG6jkV82JIESGfyNE5Uk="
        },
        "send": {
          "version": "0.12.2",
          "resolved": "https://registry.npmjs.org/send/-/send-0.12.2.tgz",
          "integrity": "sha1-umeF5Hq0GqA1i52kAasi/w9Y6rY=",
          "requires": {
            "debug": "2.1.3",
            "depd": "1.0.1",
            "destroy": "1.0.3",
            "escape-html": "1.0.1",
            "etag": "1.5.1",
            "fresh": "0.2.4",
            "mime": "1.3.4",
            "ms": "0.7.0",
            "on-finished": "2.2.1",
            "range-parser": "1.0.2"
          },
          "dependencies": {
            "destroy": {
              "version": "1.0.3",
              "resolved": "https://registry.npmjs.org/destroy/-/destroy-1.0.3.tgz",
              "integrity": "sha1-tDO0ck5x/YVR2YhRdIUcX8N34sk="
            },
            "mime": {
              "version": "1.3.4",
              "resolved": "https://registry.npmjs.org/mime/-/mime-1.3.4.tgz",
              "integrity": "sha1-EV+eO2s9rylZmDyzjxSaLUDrXVM="
            },
            "ms": {
              "version": "0.7.0",
              "resolved": "https://registry.npmjs.org/ms/-/ms-0.7.0.tgz",
              "integrity": "sha1-hlvpTC5zl62KV9pqYzpuLzB5i4M="
            }
          }
        },
        "serve-static": {
          "version": "1.9.2",
          "resolved": "https://registry.npmjs.org/serve-static/-/serve-static-1.9.2.tgz",
          "integrity": "sha1-Bp+jJFNVeyGOwuORQMgtiQXVZyw=",
          "requires": {
            "escape-html": "1.0.1",
            "parseurl": "1.3.0",
            "send": "0.12.2",
            "utils-merge": "1.0.0"
          }
        },
        "type-is": {
          "version": "1.6.1",
          "resolved": "https://registry.npmjs.org/type-is/-/type-is-1.6.1.tgz",
          "integrity": "sha1-Sa3eyw9oMcvB00upKfDzpPIbDy4=",
          "requires": {
            "media-typer": "0.3.0",
            "mime-types": "2.0.10"
          },
          "dependencies": {
            "media-typer": {
              "version": "0.3.0",
              "resolved": "https://registry.npmjs.org/media-typer/-/media-typer-0.3.0.tgz",
              "integrity": "sha1-hxDXrwqmJvj/+hzgAWhUUmMlV0g="
            },
            "mime-types": {
              "version": "2.0.10",
              "resolved": "https://registry.npmjs.org/mime-types/-/mime-types-2.0.10.tgz",
              "integrity": "sha1-6s2Bu3PKsqd0R1SaB41PIBjGe00=",
              "requires": {
                "mime-db": "1.8.0"
              },
              "dependencies": {
                "mime-db": {
                  "version": "1.8.0",
                  "resolved": "https://registry.npmjs.org/mime-db/-/mime-db-1.8.0.tgz",
                  "integrity": "sha1-gqmzhfIrD1lU3sTURfq6ByLErSU="
                }
              }
            }
          }
        },
        "utils-merge": {
          "version": "1.0.0",
          "resolved": "https://registry.npmjs.org/utils-merge/-/utils-merge-1.0.0.tgz",
          "integrity": "sha1-ApT7kiu5N1FTVBxPcJYjHyh8ivg="
        },
        "vary": {
          "version": "1.0.0",
          "resolved": "https://registry.npmjs.org/vary/-/vary-1.0.0.tgz",
          "integrity": "sha1-xeds7CDTgg2PKpbnvuOHMcNNoec="
        }
      }
    },
    "twilio": {
      "version": "2.1.0",
      "resolved": "https://registry.npmjs.org/twilio/-/twilio-2.1.0.tgz",
      "integrity": "sha1-4adp5x52CDYJmnKzufcgMFsMPA8=",
      "requires": {
        "jwt-simple": "0.1.0",
        "q": "0.9.7",
        "request": "2.27.0",
        "scmp": "0.0.3",
        "underscore": "1.8.3"
      },
      "dependencies": {
        "jwt-simple": {
          "version": "0.1.0",
          "resolved": "https://registry.npmjs.org/jwt-simple/-/jwt-simple-0.1.0.tgz",
          "integrity": "sha1-VGs0qrAuPNScQ6QnlJizTZQAQeM="
        },
        "q": {
          "version": "0.9.7",
          "resolved": "https://registry.npmjs.org/q/-/q-0.9.7.tgz",
          "integrity": "sha1-TeLmyzspCIyeTLwDv51C+5bOL3U="
        },
        "request": {
          "version": "2.27.0",
          "resolved": "https://registry.npmjs.org/request/-/request-2.27.0.tgz",
          "integrity": "sha1-37GiJN06Wput5DNwElA9cQ5Thmg=",
          "requires": {
            "aws-sign": "0.3.0",
            "cookie-jar": "0.3.0",
            "forever-agent": "0.5.2",
            "form-data": "0.1.4",
            "hawk": "1.0.0",
            "http-signature": "0.10.1",
            "json-stringify-safe": "5.0.0",
            "mime": "1.2.11",
            "node-uuid": "1.4.3",
            "oauth-sign": "0.3.0",
            "qs": "0.6.6",
            "tunnel-agent": "0.3.0"
          },
          "dependencies": {
            "aws-sign": {
              "version": "0.3.0",
              "resolved": "https://registry.npmjs.org/aws-sign/-/aws-sign-0.3.0.tgz",
              "integrity": "sha1-PYHKabR0seFlGHKLUcJP8Lvtxuk="
            },
            "cookie-jar": {
              "version": "0.3.0",
              "resolved": "https://registry.npmjs.org/cookie-jar/-/cookie-jar-0.3.0.tgz",
              "integrity": "sha1-vJon1OK5fhhs1XyeIGPLmfpozMw="
            },
            "forever-agent": {
              "version": "0.5.2",
              "resolved": "https://registry.npmjs.org/forever-agent/-/forever-agent-0.5.2.tgz",
              "integrity": "sha1-bQ4JxJIflKJ/Y9O0nF/v8epMUTA="
            },
            "form-data": {
              "version": "0.1.4",
              "resolved": "https://registry.npmjs.org/form-data/-/form-data-0.1.4.tgz",
              "integrity": "sha1-kavXiKupcCsaq/qLwBAxoqyeOxI=",
              "requires": {
                "async": "0.9.0",
                "combined-stream": "0.0.7",
                "mime": "1.2.11"
              },
              "dependencies": {
                "async": {
                  "version": "0.9.0",
                  "resolved": "https://registry.npmjs.org/async/-/async-0.9.0.tgz",
                  "integrity": "sha1-rDYTsdqb7RtHUQu0ZRuJMeRxRsc="
                },
                "combined-stream": {
                  "version": "0.0.7",
                  "resolved": "https://registry.npmjs.org/combined-stream/-/combined-stream-0.0.7.tgz",
                  "integrity": "sha1-ATfmV7qlp1QcV6w3rF/AfXO03B8=",
                  "requires": {
                    "delayed-stream": "0.0.5"
                  },
                  "dependencies": {
                    "delayed-stream": {
                      "version": "0.0.5",
                      "resolved": "https://registry.npmjs.org/delayed-stream/-/delayed-stream-0.0.5.tgz",
                      "integrity": "sha1-1LH0OpPoKW3+AmlPRoC8N6MTxz8="
                    }
                  }
                }
              }
            },
            "hawk": {
              "version": "1.0.0",
              "resolved": "https://registry.npmjs.org/hawk/-/hawk-1.0.0.tgz",
              "integrity": "sha1-uQuxaYByhUEdp//LjdJZhQLTtS0=",
              "requires": {
                "boom": "0.4.2",
                "cryptiles": "0.2.2",
                "hoek": "0.9.1",
                "sntp": "0.2.4"
              },
              "dependencies": {
                "boom": {
                  "version": "0.4.2",
                  "resolved": "https://registry.npmjs.org/boom/-/boom-0.4.2.tgz",
                  "integrity": "sha1-emNune1O/O+xnO9JR6PGffrukRs=",
                  "requires": {
                    "hoek": "0.9.1"
                  }
                },
                "cryptiles": {
                  "version": "0.2.2",
                  "resolved": "https://registry.npmjs.org/cryptiles/-/cryptiles-0.2.2.tgz",
                  "integrity": "sha1-7ZH/HxetE9N0gohZT4pIoNJvMlw=",
                  "requires": {
                    "boom": "0.4.2"
                  }
                },
                "hoek": {
                  "version": "0.9.1",
                  "resolved": "https://registry.npmjs.org/hoek/-/hoek-0.9.1.tgz",
                  "integrity": "sha1-PTIkYrrfB3Fup+uFuviAec3c5QU="
                },
                "sntp": {
                  "version": "0.2.4",
                  "resolved": "https://registry.npmjs.org/sntp/-/sntp-0.2.4.tgz",
                  "integrity": "sha1-+4hfGLDzqtGJ+CSGJTa87ux1CQA=",
                  "requires": {
                    "hoek": "0.9.1"
                  }
                }
              }
            },
            "http-signature": {
              "version": "0.10.1",
              "resolved": "https://registry.npmjs.org/http-signature/-/http-signature-0.10.1.tgz",
              "integrity": "sha1-T72sEyVZqoMjEh5UB3nAoBKyfmY=",
              "requires": {
                "asn1": "0.1.11",
                "assert-plus": "0.1.5",
                "ctype": "0.5.3"
              },
              "dependencies": {
                "asn1": {
                  "version": "0.1.11",
                  "resolved": "https://registry.npmjs.org/asn1/-/asn1-0.1.11.tgz",
                  "integrity": "sha1-VZvhg3bQik7E2+gId9J4GGObLfc="
                },
                "assert-plus": {
                  "version": "0.1.5",
                  "resolved": "https://registry.npmjs.org/assert-plus/-/assert-plus-0.1.5.tgz",
                  "integrity": "sha1-7nQAlBMALYTOxyGcasgRgS5yMWA="
                },
                "ctype": {
                  "version": "0.5.3",
                  "resolved": "https://registry.npmjs.org/ctype/-/ctype-0.5.3.tgz",
                  "integrity": "sha1-gsGMJGH3QRTvFsE1IkrQuRRMoS8="
                }
              }
            },
            "json-stringify-safe": {
              "version": "5.0.0",
              "resolved": "https://registry.npmjs.org/json-stringify-safe/-/json-stringify-safe-5.0.0.tgz",
              "integrity": "sha1-TB8ii1BQg366nSH1DC5uMgYkVm4="
            },
            "mime": {
              "version": "1.2.11",
              "resolved": "https://registry.npmjs.org/mime/-/mime-1.2.11.tgz",
              "integrity": "sha1-WCA+7Ybjpe8XrtK32evUfwpg3RA="
            },
            "node-uuid": {
              "version": "1.4.3",
              "resolved": "https://registry.npmjs.org/node-uuid/-/node-uuid-1.4.3.tgz",
              "integrity": "sha1-MZu3pW58tj8AtcDNeFHNS03fHfk="
            },
            "oauth-sign": {
              "version": "0.3.0",
              "resolved": "https://registry.npmjs.org/oauth-sign/-/oauth-sign-0.3.0.tgz",
              "integrity": "sha1-y1QPk7srIqfVlBaRoojWDo6pOG4="
            },
            "qs": {
              "version": "0.6.6",
              "resolved": "https://registry.npmjs.org/qs/-/qs-0.6.6.tgz",
              "integrity": "sha1-bgFQmP9RlouKPIGQAdXyyJvEsQc="
            },
            "tunnel-agent": {
              "version": "0.3.0",
              "resolved": "https://registry.npmjs.org/tunnel-agent/-/tunnel-agent-0.3.0.tgz",
              "integrity": "sha1-rWgbaPUyGtKCfEz7G31d8s/pQu4="
            }
          }
        },
        "scmp": {
          "version": "0.0.3",
          "resolved": "https://registry.npmjs.org/scmp/-/scmp-0.0.3.tgz",
          "integrity": "sha1-NkjfLXKUZB5/eGc//CloHZutkHM="
        },
        "underscore": {
          "version": "1.8.3",
          "resolved": "https://registry.npmjs.org/underscore/-/underscore-1.8.3.tgz",
          "integrity": "sha1-Tz+1OxBuYJf8+ctBCfKl6b36UCI="
        }
      }
    },
    "validator": {
      "version": "3.39.0",
      "resolved": "https://registry.npmjs.org/validator/-/validator-3.39.0.tgz",
      "integrity": "sha1-zOHKVbFhvzGnoa+hqotMCIcvAPg="
    },
    "yelp": {
      "version": "0.2.0",
      "resolved": "https://registry.npmjs.org/yelp/-/yelp-0.2.0.tgz",
      "integrity": "sha1-RSnDst7sSxxgCCNGs6gaWZ0Sbm4=",
      "requires": {
        "oauth": "0.9.12"
      },
      "dependencies": {
        "oauth": {
          "version": "0.9.12",
          "resolved": "https://registry.npmjs.org/oauth/-/oauth-0.9.12.tgz",
          "integrity": "sha1-d7u3fMXWOP6bHREbM8Cy+QAw6Jw="
        }
      }
    }
  }
}
